
Microsoft Visual Studio Solution File, Format Version 11.00
# Visual Studio 2010
Project("{FAE04EC0-301F-11D3-BF4B-00C04F79EFBC}") = "Lab_3", "Lab_3\Lab_3.csproj", "{CEB4DE74-098C-4DEB-B39B-F4C5FFEB665B}"
EndProject
Global
	GlobalSection(SolutionConfigurationPlatforms) = preSolution
		Debug|x86 = Debug|x86
		Release|x86 = Release|x86
	EndGlobalSection
	GlobalSection(ProjectConfigurationPlatforms) = postSolution
		{CEB4DE74-098C-4DEB-B39B-F4C5FFEB665B}.Debug|x86.ActiveCfg = Debug|x86
		{CEB4DE74-098C-4DEB-B39B-F4C5FFEB665B}.Debug|x86.Build.0 = Debug|x86
		{CEB4DE74-098C-4DEB-B39B-F4C5FFEB665B}.Release|x86.ActiveCfg = Release|x86
		{CEB4DE74-098C-4DEB-B39B-F4C5FFEB665B}.Release|x86.Build.0 = Release|x86
	EndGlobalSection
	GlobalSection(SolutionProperties) = preSolution
		HideSolutionNode = FALSE
	EndGlobalSection
EndGlobal
